<Solution>
  <Configurations>
    <BuildType Name="Debug" />
    <BuildType Name="R2020" />
    <BuildType Name="R2021" />
    <BuildType Name="R2022" />
    <BuildType Name="R2023" />
    <BuildType Name="R2024" />
    <BuildType Name="R2025" />
    <BuildType Name="R2026" />
    <BuildType Name="R2027" />
    <BuildType Name="Release" />
  </Configurations>
  <Project Path="C:/Users/Mahesh-Bhagya/.gemini/antigravity/scratch/RevitMepAutoReroute/RevitMepAutomation.csproj">
    <BuildType Solution="R2020|*" Project="Debug" />
    <BuildType Solution="R2021|*" Project="Debug" />
    <BuildType Solution="R2022|*" Project="Debug" />
    <BuildType Solution="R2023|*" Project="Debug" />
    <BuildType Solution="R2024|*" Project="Debug" />
    <BuildType Solution="R2025|*" Project="Debug" />
    <BuildType Solution="R2026|*" Project="Debug" />
    <BuildType Solution="R2027|*" Project="Debug" />
  </Project>
  <Project Path="MBRevitDev_Hub/MBRevitDev_Hub.csproj" />
</Solution>
