<Solution>
  <Configurations>
    <BuildType Name="Debug" />
    <BuildType Name="R2020" />
    <BuildType Name="R2021" />
    <BuildType Name="R2022" />
    <BuildType Name="R2023" />
    <BuildType Name="R2024" />
    <BuildType Name="R2025" />
    <BuildType Name="R2026" />
    <BuildType Name="R2027" />
    <BuildType Name="Release" />
  </Configurations>
  <Project Path="MBRevitDev_Hub/MBRevitDev_Hub.csproj" />
  <Project Path="RevitMepAutomation/RevitMepAutomation.csproj" Id="e76c9a04-d866-4bb0-8cf0-dd53ad6daa73" />
  <Project Path="TheResolver/TheResolver.csproj" Id="cd4c5b18-0f0d-4592-9717-89ab2cf16fed" />
</Solution>
